{
  "name": "2019_2",
  "version": "1.0.0",
  "lockfileVersion": 1,
  "requires": true,
  "dependencies": {
    "buffered-reader": {
      "version": "1.0.1",
      "resolved": "https://registry.npmjs.org/buffered-reader/-/buffered-reader-1.0.1.tgz",
      "integrity": "sha1-1jyc1UqWRVUuP+2dnqLX/OIv1ac=",
      "requires": {
        "errno-codes": "*"
      }
    },
    "errno-codes": {
      "version": "1.0.2",
      "resolved": "https://registry.npmjs.org/errno-codes/-/errno-codes-1.0.2.tgz",
      "integrity": "sha1-Piz1a4iN1yAMQ2f/wKfQB74wx7Q="
    }
  }
}
